
Microsoft Visual Studio Solution File, Format Version 12.00
# Visual Studio 2012
Project("{FAE04EC0-301F-11D3-BF4B-00C04F79EFBC}") = "GettingStarted1", "GettingStarted1\GettingStarted1.csproj", "{0F7A181E-7EDA-40A9-8D52-EFAD68FFAE48}"
EndProject
Project("{FAE04EC0-301F-11D3-BF4B-00C04F79EFBC}") = "SyntaxWalker", "SyntaxWalker\SyntaxWalker.csproj", "{D1661D4B-7BA3-4372-9851-B42F2FB38BDC}"
EndProject
Project("{FAE04EC0-301F-11D3-BF4B-00C04F79EFBC}") = "Semantics", "Semantics\Semantics.csproj", "{58594994-2F4A-4544-A8DE-401433BCFAD9}"
EndProject
Project("{FAE04EC0-301F-11D3-BF4B-00C04F79EFBC}") = "Construction", "Construction\Construction.csproj", "{B043DEEE-8C0D-4057-84D0-4219B663DB5B}"
EndProject
Project("{FAE04EC0-301F-11D3-BF4B-00C04F79EFBC}") = "Transformation", "Transformation\Transformation.csproj", "{D91B56B4-29CC-4B65-982F-B82E1298DEDE}"
EndProject
Project("{2150E333-8FDC-42A3-9474-1A3956D46DE8}") = "Solution Items", "Solution Items", "{1408C296-781A-4C4A-870C-8D1C07263D39}"
	ProjectSection(SolutionItems) = preProject
		code\test.cs = code\test.cs
	EndProjectSection
EndProject
Project("{FAE04EC0-301F-11D3-BF4B-00C04F79EFBC}") = "OrganizeUsings", "OrganizeUsings\OrganizeUsings.csproj", "{0948130A-FAA9-42EF-85FD-3B8D5A6F52E2}"
EndProject
Project("{FAE04EC0-301F-11D3-BF4B-00C04F79EFBC}") = "CustomWorkspaceTransformation", "CustomWorkspaceTransformation\CustomWorkspaceTransformation.csproj", "{4CDABEE1-16D6-4FA8-9130-EAA7A0EA4C73}"
EndProject
Project("{FAE04EC0-301F-11D3-BF4B-00C04F79EFBC}") = "ScriptingIntro", "ScriptingIntro\ScriptingIntro.csproj", "{2B34D015-F681-4C09-806A-5E6139560585}"
EndProject
Global
	GlobalSection(SolutionConfigurationPlatforms) = preSolution
		Debug|Any CPU = Debug|Any CPU
		Debug|Mixed Platforms = Debug|Mixed Platforms
		Debug|x86 = Debug|x86
		Release|Any CPU = Release|Any CPU
		Release|Mixed Platforms = Release|Mixed Platforms
		Release|x86 = Release|x86
	EndGlobalSection
	GlobalSection(ProjectConfigurationPlatforms) = postSolution
		{0F7A181E-7EDA-40A9-8D52-EFAD68FFAE48}.Debug|Any CPU.ActiveCfg = Debug|Any CPU
		{0F7A181E-7EDA-40A9-8D52-EFAD68FFAE48}.Debug|Any CPU.Build.0 = Debug|Any CPU
		{0F7A181E-7EDA-40A9-8D52-EFAD68FFAE48}.Debug|Mixed Platforms.ActiveCfg = Debug|Any CPU
		{0F7A181E-7EDA-40A9-8D52-EFAD68FFAE48}.Debug|Mixed Platforms.Build.0 = Debug|Any CPU
		{0F7A181E-7EDA-40A9-8D52-EFAD68FFAE48}.Debug|x86.ActiveCfg = Debug|Any CPU
		{0F7A181E-7EDA-40A9-8D52-EFAD68FFAE48}.Release|Any CPU.ActiveCfg = Release|Any CPU
		{0F7A181E-7EDA-40A9-8D52-EFAD68FFAE48}.Release|Any CPU.Build.0 = Release|Any CPU
		{0F7A181E-7EDA-40A9-8D52-EFAD68FFAE48}.Release|Mixed Platforms.ActiveCfg = Release|Any CPU
		{0F7A181E-7EDA-40A9-8D52-EFAD68FFAE48}.Release|Mixed Platforms.Build.0 = Release|Any CPU
		{0F7A181E-7EDA-40A9-8D52-EFAD68FFAE48}.Release|x86.ActiveCfg = Release|Any CPU
		{D1661D4B-7BA3-4372-9851-B42F2FB38BDC}.Debug|Any CPU.ActiveCfg = Debug|Any CPU
		{D1661D4B-7BA3-4372-9851-B42F2FB38BDC}.Debug|Any CPU.Build.0 = Debug|Any CPU
		{D1661D4B-7BA3-4372-9851-B42F2FB38BDC}.Debug|Mixed Platforms.ActiveCfg = Debug|Any CPU
		{D1661D4B-7BA3-4372-9851-B42F2FB38BDC}.Debug|Mixed Platforms.Build.0 = Debug|Any CPU
		{D1661D4B-7BA3-4372-9851-B42F2FB38BDC}.Debug|x86.ActiveCfg = Debug|Any CPU
		{D1661D4B-7BA3-4372-9851-B42F2FB38BDC}.Release|Any CPU.ActiveCfg = Release|Any CPU
		{D1661D4B-7BA3-4372-9851-B42F2FB38BDC}.Release|Any CPU.Build.0 = Release|Any CPU
		{D1661D4B-7BA3-4372-9851-B42F2FB38BDC}.Release|Mixed Platforms.ActiveCfg = Release|Any CPU
		{D1661D4B-7BA3-4372-9851-B42F2FB38BDC}.Release|Mixed Platforms.Build.0 = Release|Any CPU
		{D1661D4B-7BA3-4372-9851-B42F2FB38BDC}.Release|x86.ActiveCfg = Release|Any CPU
		{58594994-2F4A-4544-A8DE-401433BCFAD9}.Debug|Any CPU.ActiveCfg = Debug|x86
		{58594994-2F4A-4544-A8DE-401433BCFAD9}.Debug|Mixed Platforms.ActiveCfg = Debug|x86
		{58594994-2F4A-4544-A8DE-401433BCFAD9}.Debug|Mixed Platforms.Build.0 = Debug|x86
		{58594994-2F4A-4544-A8DE-401433BCFAD9}.Debug|x86.ActiveCfg = Debug|x86
		{58594994-2F4A-4544-A8DE-401433BCFAD9}.Debug|x86.Build.0 = Debug|x86
		{58594994-2F4A-4544-A8DE-401433BCFAD9}.Release|Any CPU.ActiveCfg = Release|x86
		{58594994-2F4A-4544-A8DE-401433BCFAD9}.Release|Mixed Platforms.ActiveCfg = Release|x86
		{58594994-2F4A-4544-A8DE-401433BCFAD9}.Release|Mixed Platforms.Build.0 = Release|x86
		{58594994-2F4A-4544-A8DE-401433BCFAD9}.Release|x86.ActiveCfg = Release|x86
		{58594994-2F4A-4544-A8DE-401433BCFAD9}.Release|x86.Build.0 = Release|x86
		{B043DEEE-8C0D-4057-84D0-4219B663DB5B}.Debug|Any CPU.ActiveCfg = Debug|x86
		{B043DEEE-8C0D-4057-84D0-4219B663DB5B}.Debug|Mixed Platforms.ActiveCfg = Debug|x86
		{B043DEEE-8C0D-4057-84D0-4219B663DB5B}.Debug|Mixed Platforms.Build.0 = Debug|x86
		{B043DEEE-8C0D-4057-84D0-4219B663DB5B}.Debug|x86.ActiveCfg = Debug|x86
		{B043DEEE-8C0D-4057-84D0-4219B663DB5B}.Debug|x86.Build.0 = Debug|x86
		{B043DEEE-8C0D-4057-84D0-4219B663DB5B}.Release|Any CPU.ActiveCfg = Release|x86
		{B043DEEE-8C0D-4057-84D0-4219B663DB5B}.Release|Mixed Platforms.ActiveCfg = Release|x86
		{B043DEEE-8C0D-4057-84D0-4219B663DB5B}.Release|Mixed Platforms.Build.0 = Release|x86
		{B043DEEE-8C0D-4057-84D0-4219B663DB5B}.Release|x86.ActiveCfg = Release|x86
		{B043DEEE-8C0D-4057-84D0-4219B663DB5B}.Release|x86.Build.0 = Release|x86
		{D91B56B4-29CC-4B65-982F-B82E1298DEDE}.Debug|Any CPU.ActiveCfg = Debug|x86
		{D91B56B4-29CC-4B65-982F-B82E1298DEDE}.Debug|Mixed Platforms.ActiveCfg = Debug|x86
		{D91B56B4-29CC-4B65-982F-B82E1298DEDE}.Debug|Mixed Platforms.Build.0 = Debug|x86
		{D91B56B4-29CC-4B65-982F-B82E1298DEDE}.Debug|x86.ActiveCfg = Debug|x86
		{D91B56B4-29CC-4B65-982F-B82E1298DEDE}.Debug|x86.Build.0 = Debug|x86
		{D91B56B4-29CC-4B65-982F-B82E1298DEDE}.Release|Any CPU.ActiveCfg = Release|x86
		{D91B56B4-29CC-4B65-982F-B82E1298DEDE}.Release|Mixed Platforms.ActiveCfg = Release|x86
		{D91B56B4-29CC-4B65-982F-B82E1298DEDE}.Release|Mixed Platforms.Build.0 = Release|x86
		{D91B56B4-29CC-4B65-982F-B82E1298DEDE}.Release|x86.ActiveCfg = Release|x86
		{D91B56B4-29CC-4B65-982F-B82E1298DEDE}.Release|x86.Build.0 = Release|x86
		{0948130A-FAA9-42EF-85FD-3B8D5A6F52E2}.Debug|Any CPU.ActiveCfg = Debug|x86
		{0948130A-FAA9-42EF-85FD-3B8D5A6F52E2}.Debug|Mixed Platforms.ActiveCfg = Debug|x86
		{0948130A-FAA9-42EF-85FD-3B8D5A6F52E2}.Debug|Mixed Platforms.Build.0 = Debug|x86
		{0948130A-FAA9-42EF-85FD-3B8D5A6F52E2}.Debug|x86.ActiveCfg = Debug|x86
		{0948130A-FAA9-42EF-85FD-3B8D5A6F52E2}.Debug|x86.Build.0 = Debug|x86
		{0948130A-FAA9-42EF-85FD-3B8D5A6F52E2}.Release|Any CPU.ActiveCfg = Release|x86
		{0948130A-FAA9-42EF-85FD-3B8D5A6F52E2}.Release|Mixed Platforms.ActiveCfg = Release|x86
		{0948130A-FAA9-42EF-85FD-3B8D5A6F52E2}.Release|Mixed Platforms.Build.0 = Release|x86
		{0948130A-FAA9-42EF-85FD-3B8D5A6F52E2}.Release|x86.ActiveCfg = Release|x86
		{0948130A-FAA9-42EF-85FD-3B8D5A6F52E2}.Release|x86.Build.0 = Release|x86
		{4CDABEE1-16D6-4FA8-9130-EAA7A0EA4C73}.Debug|Any CPU.ActiveCfg = Debug|x86
		{4CDABEE1-16D6-4FA8-9130-EAA7A0EA4C73}.Debug|Mixed Platforms.ActiveCfg = Debug|x86
		{4CDABEE1-16D6-4FA8-9130-EAA7A0EA4C73}.Debug|Mixed Platforms.Build.0 = Debug|x86
		{4CDABEE1-16D6-4FA8-9130-EAA7A0EA4C73}.Debug|x86.ActiveCfg = Debug|x86
		{4CDABEE1-16D6-4FA8-9130-EAA7A0EA4C73}.Debug|x86.Build.0 = Debug|x86
		{4CDABEE1-16D6-4FA8-9130-EAA7A0EA4C73}.Release|Any CPU.ActiveCfg = Release|x86
		{4CDABEE1-16D6-4FA8-9130-EAA7A0EA4C73}.Release|Mixed Platforms.ActiveCfg = Release|x86
		{4CDABEE1-16D6-4FA8-9130-EAA7A0EA4C73}.Release|Mixed Platforms.Build.0 = Release|x86
		{4CDABEE1-16D6-4FA8-9130-EAA7A0EA4C73}.Release|x86.ActiveCfg = Release|x86
		{4CDABEE1-16D6-4FA8-9130-EAA7A0EA4C73}.Release|x86.Build.0 = Release|x86
		{2B34D015-F681-4C09-806A-5E6139560585}.Debug|Any CPU.ActiveCfg = Debug|x86
		{2B34D015-F681-4C09-806A-5E6139560585}.Debug|Mixed Platforms.ActiveCfg = Debug|x86
		{2B34D015-F681-4C09-806A-5E6139560585}.Debug|Mixed Platforms.Build.0 = Debug|x86
		{2B34D015-F681-4C09-806A-5E6139560585}.Debug|x86.ActiveCfg = Debug|x86
		{2B34D015-F681-4C09-806A-5E6139560585}.Debug|x86.Build.0 = Debug|x86
		{2B34D015-F681-4C09-806A-5E6139560585}.Release|Any CPU.ActiveCfg = Release|x86
		{2B34D015-F681-4C09-806A-5E6139560585}.Release|Mixed Platforms.ActiveCfg = Release|x86
		{2B34D015-F681-4C09-806A-5E6139560585}.Release|Mixed Platforms.Build.0 = Release|x86
		{2B34D015-F681-4C09-806A-5E6139560585}.Release|x86.ActiveCfg = Release|x86
		{2B34D015-F681-4C09-806A-5E6139560585}.Release|x86.Build.0 = Release|x86
	EndGlobalSection
	GlobalSection(SolutionProperties) = preSolution
		HideSolutionNode = FALSE
	EndGlobalSection
EndGlobal
