
Microsoft Visual Studio Solution File, Format Version 12.00
# Visual Studio 2012
Project("{FAE04EC0-301F-11D3-BF4B-00C04F79EFBC}") = "SampleCode1", "SampleCode1\SampleCode1.csproj", "{BDC6B598-6F71-42D7-803C-B53577FA749E}"
EndProject
Global
	GlobalSection(SolutionConfigurationPlatforms) = preSolution
		Debug|Any CPU = Debug|Any CPU
		Release|Any CPU = Release|Any CPU
	EndGlobalSection
	GlobalSection(ProjectConfigurationPlatforms) = postSolution
		{BDC6B598-6F71-42D7-803C-B53577FA749E}.Debug|Any CPU.ActiveCfg = Debug|Any CPU
		{BDC6B598-6F71-42D7-803C-B53577FA749E}.Debug|Any CPU.Build.0 = Debug|Any CPU
		{BDC6B598-6F71-42D7-803C-B53577FA749E}.Release|Any CPU.ActiveCfg = Release|Any CPU
		{BDC6B598-6F71-42D7-803C-B53577FA749E}.Release|Any CPU.Build.0 = Release|Any CPU
	EndGlobalSection
	GlobalSection(SolutionProperties) = preSolution
		HideSolutionNode = FALSE
	EndGlobalSection
EndGlobal
